// !$*UTF8*$!
{
	archiveVersion = 1;
	classes = {
	};
	objectVersion = 60;
	objects = {

/* Begin PBXBuildFile section */
		5C754E062C2DEA1F0014FBF9 /* ItemModel.swift in Sources */ = {isa = PBXBuildFile; fileRef = 5C754E052C2DEA1F0014FBF9 /* ItemModel.swift */; };
		5C754E092C2DFB650014FBF9 /* ListViewModel.swift in Sources */ = {isa = PBXBuildFile; fileRef = 5C754E082C2DFB650014FBF9 /* ListViewModel.swift */; };
		5C92B6E52C3D81C100019E7F /* NoItemsView.swift in Sources */ = {isa = PBXBuildFile; fileRef = 5C92B6E42C3D81C100019E7F /* NoItemsView.swift */; };
		5C94EEEE2C25F3BF0065D3B0 /* ToDoListApp.swift in Sources */ = {isa = PBXBuildFile; fileRef = 5C94EEED2C25F3BF0065D3B0 /* ToDoListApp.swift */; };
		5C94EEF22C25F3C10065D3B0 /* Assets.xcassets in Resources */ = {isa = PBXBuildFile; fileRef = 5C94EEF12C25F3C10065D3B0 /* Assets.xcassets */; };
		5C94EEF52C25F3C10065D3B0 /* Preview Assets.xcassets in Resources */ = {isa = PBXBuildFile; fileRef = 5C94EEF42C25F3C10065D3B0 /* Preview Assets.xcassets */; };
		5C94EEFF2C25F3C10065D3B0 /* ToDoListTests.swift in Sources */ = {isa = PBXBuildFile; fileRef = 5C94EEFE2C25F3C10065D3B0 /* ToDoListTests.swift */; };
		5C94EF092C25F3C10065D3B0 /* ToDoListUITests.swift in Sources */ = {isa = PBXBuildFile; fileRef = 5C94EF082C25F3C10065D3B0 /* ToDoListUITests.swift */; };
		5C94EF0B2C25F3C10065D3B0 /* ToDoListUITestsLaunchTests.swift in Sources */ = {isa = PBXBuildFile; fileRef = 5C94EF0A2C25F3C10065D3B0 /* ToDoListUITestsLaunchTests.swift */; };
		5C94EF1B2C25FE3F0065D3B0 /* ListView.swift in Sources */ = {isa = PBXBuildFile; fileRef = 5C94EF1A2C25FE3F0065D3B0 /* ListView.swift */; };
		5C94EF1D2C2612B90065D3B0 /* ListRowView.swift in Sources */ = {isa = PBXBuildFile; fileRef = 5C94EF1C2C2612B90065D3B0 /* ListRowView.swift */; };
		5CAE95F42C42DFD60011625F /* EditTodoView.swift in Sources */ = {isa = PBXBuildFile; fileRef = 5CAE95F32C42DFD60011625F /* EditTodoView.swift */; };
		5CDF5EEA2C41482C0062586D /* AddNewTodoView.swift in Sources */ = {isa = PBXBuildFile; fileRef = 5CDF5EE92C41482C0062586D /* AddNewTodoView.swift */; };
/* End PBXBuildFile section */

/* Begin PBXContainerItemProxy section */
		5C94EEFB2C25F3C10065D3B0 /* PBXContainerItemProxy */ = {
			isa = PBXContainerItemProxy;
			containerPortal = 5C94EEE22C25F3BF0065D3B0 /* Project object */;
			proxyType = 1;
			remoteGlobalIDString = 5C94EEE92C25F3BF0065D3B0;
			remoteInfo = ToDoList;
		};
		5C94EF052C25F3C10065D3B0 /* PBXContainerItemProxy */ = {
			isa = PBXContainerItemProxy;
			containerPortal = 5C94EEE22C25F3BF0065D3B0 /* Project object */;
			proxyType = 1;
			remoteGlobalIDString = 5C94EEE92C25F3BF0065D3B0;
			remoteInfo = ToDoList;
		};
/* End PBXContainerItemProxy section */

/* Begin PBXFileReference section */
		5C754E052C2DEA1F0014FBF9 /* ItemModel.swift */ = {isa = PBXFileReference; lastKnownFileType = sourcecode.swift; path = ItemModel.swift; sourceTree = "<group>"; };
		5C754E082C2DFB650014FBF9 /* ListViewModel.swift */ = {isa = PBXFileReference; lastKnownFileType = sourcecode.swift; path = ListViewModel.swift; sourceTree = "<group>"; };
		5C92B6E42C3D81C100019E7F /* NoItemsView.swift */ = {isa = PBXFileReference; lastKnownFileType = sourcecode.swift; path = NoItemsView.swift; sourceTree = "<group>"; };
		5C94EEEA2C25F3BF0065D3B0 /* ToDoList.app */ = {isa = PBXFileReference; explicitFileType = wrapper.application; includeInIndex = 0; path = ToDoList.app; sourceTree = BUILT_PRODUCTS_DIR; };
		5C94EEED2C25F3BF0065D3B0 /* ToDoListApp.swift */ = {isa = PBXFileReference; lastKnownFileType = sourcecode.swift; path = ToDoListApp.swift; sourceTree = "<group>"; };
		5C94EEF12C25F3C10065D3B0 /* Assets.xcassets */ = {isa = PBXFileReference; lastKnownFileType = folder.assetcatalog; path = Assets.xcassets; sourceTree = "<group>"; };
		5C94EEF42C25F3C10065D3B0 /* Preview Assets.xcassets */ = {isa = PBXFileReference; lastKnownFileType = folder.assetcatalog; path = "Preview Assets.xcassets"; sourceTree = "<group>"; };
		5C94EEFA2C25F3C10065D3B0 /* ToDoListTests.xctest */ = {isa = PBXFileReference; explicitFileType = wrapper.cfbundle; includeInIndex = 0; path = ToDoListTests.xctest; sourceTree = BUILT_PRODUCTS_DIR; };
		5C94EEFE2C25F3C10065D3B0 /* ToDoListTests.swift */ = {isa = PBXFileReference; lastKnownFileType = sourcecode.swift; path = ToDoListTests.swift; sourceTree = "<group>"; };
		5C94EF042C25F3C10065D3B0 /* ToDoListUITests.xctest */ = {isa = PBXFileReference; explicitFileType = wrapper.cfbundle; includeInIndex = 0; path = ToDoListUITests.xctest; sourceTree = BUILT_PRODUCTS_DIR; };
		5C94EF082C25F3C10065D3B0 /* ToDoListUITests.swift */ = {isa = PBXFileReference; lastKnownFileType = sourcecode.swift; path = ToDoListUITests.swift; sourceTree = "<group>"; };
		5C94EF0A2C25F3C10065D3B0 /* ToDoListUITestsLaunchTests.swift */ = {isa = PBXFileReference; lastKnownFileType = sourcecode.swift; path = ToDoListUITestsLaunchTests.swift; sourceTree = "<group>"; };
		5C94EF1A2C25FE3F0065D3B0 /* ListView.swift */ = {isa = PBXFileReference; lastKnownFileType = sourcecode.swift; path = ListView.swift; sourceTree = "<group>"; };
		5C94EF1C2C2612B90065D3B0 /* ListRowView.swift */ = {isa = PBXFileReference; lastKnownFileType = sourcecode.swift; path = ListRowView.swift; sourceTree = "<group>"; };
		5CAE95F32C42DFD60011625F /* EditTodoView.swift */ = {isa = PBXFileReference; lastKnownFileType = sourcecode.swift; path = EditTodoView.swift; sourceTree = "<group>"; };
		5CDF5EE92C41482C0062586D /* AddNewTodoView.swift */ = {isa = PBXFileReference; lastKnownFileType = sourcecode.swift; path = AddNewTodoView.swift; sourceTree = "<group>"; };
/* End PBXFileReference section */

/* Begin PBXFrameworksBuildPhase section */
		5C94EEE72C25F3BF0065D3B0 /* Frameworks */ = {
			isa = PBXFrameworksBuildPhase;
			buildActionMask = 2147483647;
			files = (
			);
			runOnlyForDeploymentPostprocessing = 0;
		};
		5C94EEF72C25F3C10065D3B0 /* Frameworks */ = {
			isa = PBXFrameworksBuildPhase;
			buildActionMask = 2147483647;
			files = (
			);
			runOnlyForDeploymentPostprocessing = 0;
		};
		5C94EF012C25F3C10065D3B0 /* Frameworks */ = {
			isa = PBXFrameworksBuildPhase;
			buildActionMask = 2147483647;
			files = (
			);
			runOnlyForDeploymentPostprocessing = 0;
		};
/* End PBXFrameworksBuildPhase section */

/* Begin PBXGroup section */
		5C754E042C2DEA0F0014FBF9 /* Model */ = {
			isa = PBXGroup;
			children = (
				5C754E052C2DEA1F0014FBF9 /* ItemModel.swift */,
			);
			path = Model;
			sourceTree = "<group>";
		};
		5C754E072C2DFB280014FBF9 /* ViewModels */ = {
			isa = PBXGroup;
			children = (
				5C754E082C2DFB650014FBF9 /* ListViewModel.swift */,
			);
			path = ViewModels;
			sourceTree = "<group>";
		};
		5C94EEE12C25F3BF0065D3B0 = {
			isa = PBXGroup;
			children = (
				5C94EEEC2C25F3BF0065D3B0 /* ToDoList */,
				5C94EEFD2C25F3C10065D3B0 /* ToDoListTests */,
				5C94EF072C25F3C10065D3B0 /* ToDoListUITests */,
				5C94EEEB2C25F3BF0065D3B0 /* Products */,
			);
			sourceTree = "<group>";
		};
		5C94EEEB2C25F3BF0065D3B0 /* Products */ = {
			isa = PBXGroup;
			children = (
				5C94EEEA2C25F3BF0065D3B0 /* ToDoList.app */,
				5C94EEFA2C25F3C10065D3B0 /* ToDoListTests.xctest */,
				5C94EF042C25F3C10065D3B0 /* ToDoListUITests.xctest */,
			);
			name = Products;
			sourceTree = "<group>";
		};
		5C94EEEC2C25F3BF0065D3B0 /* ToDoList */ = {
			isa = PBXGroup;
			children = (
				5C94EEED2C25F3BF0065D3B0 /* ToDoListApp.swift */,
				5C754E072C2DFB280014FBF9 /* ViewModels */,
				5C754E042C2DEA0F0014FBF9 /* Model */,
				5C94EF172C25FDDE0065D3B0 /* Views */,
				5C94EEF12C25F3C10065D3B0 /* Assets.xcassets */,
				5C94EEF32C25F3C10065D3B0 /* Preview Content */,
			);
			path = ToDoList;
			sourceTree = "<group>";
		};
		5C94EEF32C25F3C10065D3B0 /* Preview Content */ = {
			isa = PBXGroup;
			children = (
				5C94EEF42C25F3C10065D3B0 /* Preview Assets.xcassets */,
			);
			path = "Preview Content";
			sourceTree = "<group>";
		};
		5C94EEFD2C25F3C10065D3B0 /* ToDoListTests */ = {
			isa = PBXGroup;
			children = (
				5C94EEFE2C25F3C10065D3B0 /* ToDoListTests.swift */,
			);
			path = ToDoListTests;
			sourceTree = "<group>";
		};
		5C94EF072C25F3C10065D3B0 /* ToDoListUITests */ = {
			isa = PBXGroup;
			children = (
				5C94EF082C25F3C10065D3B0 /* ToDoListUITests.swift */,
				5C94EF0A2C25F3C10065D3B0 /* ToDoListUITestsLaunchTests.swift */,
			);
			path = ToDoListUITests;
			sourceTree = "<group>";
		};
		5C94EF172C25FDDE0065D3B0 /* Views */ = {
			isa = PBXGroup;
			children = (
				5C94EF1A2C25FE3F0065D3B0 /* ListView.swift */,
				5C94EF1C2C2612B90065D3B0 /* ListRowView.swift */,
				5C92B6E42C3D81C100019E7F /* NoItemsView.swift */,
				5CDF5EE92C41482C0062586D /* AddNewTodoView.swift */,
				5CAE95F32C42DFD60011625F /* EditTodoView.swift */,
			);
			path = Views;
			sourceTree = "<group>";
		};
/* End PBXGroup section */

/* Begin PBXNativeTarget section */
		5C94EEE92C25F3BF0065D3B0 /* ToDoList */ = {
			isa = PBXNativeTarget;
			buildConfigurationList = 5C94EF0E2C25F3C10065D3B0 /* Build configuration list for PBXNativeTarget "ToDoList" */;
			buildPhases = (
				5C94EEE62C25F3BF0065D3B0 /* Sources */,
				5C94EEE72C25F3BF0065D3B0 /* Frameworks */,
				5C94EEE82C25F3BF0065D3B0 /* Resources */,
			);
			buildRules = (
			);
			dependencies = (
			);
			name = ToDoList;
			productName = ToDoList;
			productReference = 5C94EEEA2C25F3BF0065D3B0 /* ToDoList.app */;
			productType = "com.apple.product-type.application";
		};
		5C94EEF92C25F3C10065D3B0 /* ToDoListTests */ = {
			isa = PBXNativeTarget;
			buildConfigurationList = 5C94EF112C25F3C10065D3B0 /* Build configuration list for PBXNativeTarget "ToDoListTests" */;
			buildPhases = (
				5C94EEF62C25F3C10065D3B0 /* Sources */,
				5C94EEF72C25F3C10065D3B0 /* Frameworks */,
				5C94EEF82C25F3C10065D3B0 /* Resources */,
			);
			buildRules = (
			);
			dependencies = (
				5C94EEFC2C25F3C10065D3B0 /* PBXTargetDependency */,
			);
			name = ToDoListTests;
			productName = ToDoListTests;
			productReference = 5C94EEFA2C25F3C10065D3B0 /* ToDoListTests.xctest */;
			productType = "com.apple.product-type.bundle.unit-test";
		};
		5C94EF032C25F3C10065D3B0 /* ToDoListUITests */ = {
			isa = PBXNativeTarget;
			buildConfigurationList = 5C94EF142C25F3C10065D3B0 /* Build configuration list for PBXNativeTarget "ToDoListUITests" */;
			buildPhases = (
				5C94EF002C25F3C10065D3B0 /* Sources */,
				5C94EF012C25F3C10065D3B0 /* Frameworks */,
				5C94EF022C25F3C10065D3B0 /* Resources */,
			);
			buildRules = (
			);
			dependencies = (
				5C94EF062C25F3C10065D3B0 /* PBXTargetDependency */,
			);
			name = ToDoListUITests;
			productName = ToDoListUITests;
			productReference = 5C94EF042C25F3C10065D3B0 /* ToDoListUITests.xctest */;
			productType = "com.apple.product-type.bundle.ui-testing";
		};
/* End PBXNativeTarget section */

/* Begin PBXProject section */
		5C94EEE22C25F3BF0065D3B0 /* Project object */ = {
			isa = PBXProject;
			attributes = {
				BuildIndependentTargetsInParallel = 1;
				LastSwiftUpdateCheck = 1600;
				LastUpgradeCheck = 1600;
				TargetAttributes = {
					5C94EEE92C25F3BF0065D3B0 = {
						CreatedOnToolsVersion = 16.0;
					};
					5C94EEF92C25F3C10065D3B0 = {
						CreatedOnToolsVersion = 16.0;
						TestTargetID = 5C94EEE92C25F3BF0065D3B0;
					};
					5C94EF032C25F3C10065D3B0 = {
						CreatedOnToolsVersion = 16.0;
						TestTargetID = 5C94EEE92C25F3BF0065D3B0;
					};
				};
			};
			buildConfigurationList = 5C94EEE52C25F3BF0065D3B0 /* Build configuration list for PBXProject "ToDoList" */;
			compatibilityVersion = "Xcode 15.0";
			developmentRegion = en;
			hasScannedForEncodings = 0;
			knownRegions = (
				en,
				Base,
			);
			mainGroup = 5C94EEE12C25F3BF0065D3B0;
			productRefGroup = 5C94EEEB2C25F3BF0065D3B0 /* Products */;
			projectDirPath = "";
			projectRoot = "";
			targets = (
				5C94EEE92C25F3BF0065D3B0 /* ToDoList */,
				5C94EEF92C25F3C10065D3B0 /* ToDoListTests */,
				5C94EF032C25F3C10065D3B0 /* ToDoListUITests */,
			);
		};
/* End PBXProject section */

/* Begin PBXResourcesBuildPhase section */
		5C94EEE82C25F3BF0065D3B0 /* Resources */ = {
			isa = PBXResourcesBuildPhase;
			buildActionMask = 2147483647;
			files = (
				5C94EEF52C25F3C10065D3B0 /* Preview Assets.xcassets in Resources */,
				5C94EEF22C25F3C10065D3B0 /* Assets.xcassets in Resources */,
			);
			runOnlyForDeploymentPostprocessing = 0;
		};
		5C94EEF82C25F3C10065D3B0 /* Resources */ = {
			isa = PBXResourcesBuildPhase;
			buildActionMask = 2147483647;
			files = (
			);
			runOnlyForDeploymentPostprocessing = 0;
		};
		5C94EF022C25F3C10065D3B0 /* Resources */ = {
			isa = PBXResourcesBuildPhase;
			buildActionMask = 2147483647;
			files = (
			);
			runOnlyForDeploymentPostprocessing = 0;
		};
/* End PBXResourcesBuildPhase section */

/* Begin PBXSourcesBuildPhase section */
		5C94EEE62C25F3BF0065D3B0 /* Sources */ = {
			isa = PBXSourcesBuildPhase;
			buildActionMask = 2147483647;
			files = (
				5C754E062C2DEA1F0014FBF9 /* ItemModel.swift in Sources */,
				5C754E092C2DFB650014FBF9 /* ListViewModel.swift in Sources */,
				5CDF5EEA2C41482C0062586D /* AddNewTodoView.swift in Sources */,
				5C94EEEE2C25F3BF0065D3B0 /* ToDoListApp.swift in Sources */,
				5CAE95F42C42DFD60011625F /* EditTodoView.swift in Sources */,
				5C94EF1B2C25FE3F0065D3B0 /* ListView.swift in Sources */,
				5C92B6E52C3D81C100019E7F /* NoItemsView.swift in Sources */,
				5C94EF1D2C2612B90065D3B0 /* ListRowView.swift in Sources */,
			);
			runOnlyForDeploymentPostprocessing = 0;
		};
		5C94EEF62C25F3C10065D3B0 /* Sources */ = {
			isa = PBXSourcesBuildPhase;
			buildActionMask = 2147483647;
			files = (
				5C94EEFF2C25F3C10065D3B0 /* ToDoListTests.swift in Sources */,
			);
			runOnlyForDeploymentPostprocessing = 0;
		};
		5C94EF002C25F3C10065D3B0 /* Sources */ = {
			isa = PBXSourcesBuildPhase;
			buildActionMask = 2147483647;
			files = (
				5C94EF0B2C25F3C10065D3B0 /* ToDoListUITestsLaunchTests.swift in Sources */,
				5C94EF092C25F3C10065D3B0 /* ToDoListUITests.swift in Sources */,
			);
			runOnlyForDeploymentPostprocessing = 0;
		};
/* End PBXSourcesBuildPhase section */

/* Begin PBXTargetDependency section */
		5C94EEFC2C25F3C10065D3B0 /* PBXTargetDependency */ = {
			isa = PBXTargetDependency;
			target = 5C94EEE92C25F3BF0065D3B0 /* ToDoList */;
			targetProxy = 5C94EEFB2C25F3C10065D3B0 /* PBXContainerItemProxy */;
		};
		5C94EF062C25F3C10065D3B0 /* PBXTargetDependency */ = {
			isa = PBXTargetDependency;
			target = 5C94EEE92C25F3BF0065D3B0 /* ToDoList */;
			targetProxy = 5C94EF052C25F3C10065D3B0 /* PBXContainerItemProxy */;
		};
/* End PBXTargetDependency section */

/* Begin XCBuildConfiguration section */
		5C94EF0C2C25F3C10065D3B0 /* Debug */ = {
			isa = XCBuildConfiguration;
			buildSettings = {
				ALWAYS_SEARCH_USER_PATHS = NO;
				ASSETCATALOG_COMPILER_GENERATE_SWIFT_ASSET_SYMBOL_EXTENSIONS = YES;
				CLANG_ANALYZER_NONNULL = YES;
				CLANG_ANALYZER_NUMBER_OBJECT_CONVERSION = YES_AGGRESSIVE;
				CLANG_CXX_LANGUAGE_STANDARD = "gnu++20";
				CLANG_ENABLE_MODULES = YES;
				CLANG_ENABLE_OBJC_ARC = YES;
				CLANG_ENABLE_OBJC_WEAK = YES;
				CLANG_WARN_BLOCK_CAPTURE_AUTORELEASING = YES;
				CLANG_WARN_BOOL_CONVERSION = YES;
				CLANG_WARN_COMMA = YES;
				CLANG_WARN_CONSTANT_CONVERSION = YES;
				CLANG_WARN_DEPRECATED_OBJC_IMPLEMENTATIONS = YES;
				CLANG_WARN_DIRECT_OBJC_ISA_USAGE = YES_ERROR;
				CLANG_WARN_DOCUMENTATION_COMMENTS = YES;
				CLANG_WARN_EMPTY_BODY = YES;
				CLANG_WARN_ENUM_CONVERSION = YES;
				CLANG_WARN_INFINITE_RECURSION = YES;
				CLANG_WARN_INT_CONVERSION = YES;
				CLANG_WARN_NON_LITERAL_NULL_CONVERSION = YES;
				CLANG_WARN_OBJC_IMPLICIT_RETAIN_SELF = YES;
				CLANG_WARN_OBJC_LITERAL_CONVERSION = YES;
				CLANG_WARN_OBJC_ROOT_CLASS = YES_ERROR;
				CLANG_WARN_QUOTED_INCLUDE_IN_FRAMEWORK_HEADER = YES;
				CLANG_WARN_RANGE_LOOP_ANALYSIS = YES;
				CLANG_WARN_STRICT_PROTOTYPES = YES;
				CLANG_WARN_SUSPICIOUS_MOVE = YES;
				CLANG_WARN_UNGUARDED_AVAILABILITY = YES_AGGRESSIVE;
				CLANG_WARN_UNREACHABLE_CODE = YES;
				CLANG_WARN__DUPLICATE_METHOD_MATCH = YES;
				COPY_PHASE_STRIP = NO;
				DEBUG_INFORMATION_FORMAT = dwarf;
				ENABLE_STRICT_OBJC_MSGSEND = YES;
				ENABLE_TESTABILITY = YES;
				ENABLE_USER_SCRIPT_SANDBOXING = YES;
				GCC_C_LANGUAGE_STANDARD = gnu17;
				GCC_DYNAMIC_NO_PIC = NO;
				GCC_NO_COMMON_BLOCKS = YES;
				GCC_OPTIMIZATION_LEVEL = 0;
				GCC_PREPROCESSOR_DEFINITIONS = (
					"DEBUG=1",
					"$(inherited)",
				);
				GCC_WARN_64_TO_32_BIT_CONVERSION = YES;
				GCC_WARN_ABOUT_RETURN_TYPE = YES_ERROR;
				GCC_WARN_UNDECLARED_SELECTOR = YES;
				GCC_WARN_UNINITIALIZED_AUTOS = YES_AGGRESSIVE;
				GCC_WARN_UNUSED_FUNCTION = YES;
				GCC_WARN_UNUSED_VARIABLE = YES;
				IPHONEOS_DEPLOYMENT_TARGET = 17.0;
				LOCALIZATION_PREFERS_STRING_CATALOGS = YES;
				MTL_ENABLE_DEBUG_INFO = INCLUDE_SOURCE;
				MTL_FAST_MATH = YES;
				ONLY_ACTIVE_ARCH = YES;
				SDKROOT = iphoneos;
				SWIFT_ACTIVE_COMPILATION_CONDITIONS = "DEBUG $(inherited)";
				SWIFT_OPTIMIZATION_LEVEL = "-Onone";
			};
			name = Debug;
		};
		5C94EF0D2C25F3C10065D3B0 /* Release */ = {
			isa = XCBuildConfiguration;
			buildSettings = {
				ALWAYS_SEARCH_USER_PATHS = NO;
				ASSETCATALOG_COMPILER_GENERATE_SWIFT_ASSET_SYMBOL_EXTENSIONS = YES;
				CLANG_ANALYZER_NONNULL = YES;
				CLANG_ANALYZER_NUMBER_OBJECT_CONVERSION = YES_AGGRESSIVE;
				CLANG_CXX_LANGUAGE_STANDARD = "gnu++20";
				CLANG_ENABLE_MODULES = YES;
				CLANG_ENABLE_OBJC_ARC = YES;
				CLANG_ENABLE_OBJC_WEAK = YES;
				CLANG_WARN_BLOCK_CAPTURE_AUTORELEASING = YES;
				CLANG_WARN_BOOL_CONVERSION = YES;
				CLANG_WARN_COMMA = YES;
				CLANG_WARN_CONSTANT_CONVERSION = YES;
				CLANG_WARN_DEPRECATED_OBJC_IMPLEMENTATIONS = YES;
				CLANG_WARN_DIRECT_OBJC_ISA_USAGE = YES_ERROR;
				CLANG_WARN_DOCUMENTATION_COMMENTS = YES;
				CLANG_WARN_EMPTY_BODY = YES;
				CLANG_WARN_ENUM_CONVERSION = YES;
				CLANG_WARN_INFINITE_RECURSION = YES;
				CLANG_WARN_INT_CONVERSION = YES;
				CLANG_WARN_NON_LITERAL_NULL_CONVERSION = YES;
				CLANG_WARN_OBJC_IMPLICIT_RETAIN_SELF = YES;
				CLANG_WARN_OBJC_LITERAL_CONVERSION = YES;
				CLANG_WARN_OBJC_ROOT_CLASS = YES_ERROR;
				CLANG_WARN_QUOTED_INCLUDE_IN_FRAMEWORK_HEADER = YES;
				CLANG_WARN_RANGE_LOOP_ANALYSIS = YES;
				CLANG_WARN_STRICT_PROTOTYPES = YES;
				CLANG_WARN_SUSPICIOUS_MOVE = YES;
				CLANG_WARN_UNGUARDED_AVAILABILITY = YES_AGGRESSIVE;
				CLANG_WARN_UNREACHABLE_CODE = YES;
				CLANG_WARN__DUPLICATE_METHOD_MATCH = YES;
				COPY_PHASE_STRIP = NO;
				DEBUG_INFORMATION_FORMAT = "dwarf-with-dsym";
				ENABLE_NS_ASSERTIONS = NO;
				ENABLE_STRICT_OBJC_MSGSEND = YES;
				ENABLE_USER_SCRIPT_SANDBOXING = YES;
				GCC_C_LANGUAGE_STANDARD = gnu17;
				GCC_NO_COMMON_BLOCKS = YES;
				GCC_WARN_64_TO_32_BIT_CONVERSION = YES;
				GCC_WARN_ABOUT_RETURN_TYPE = YES_ERROR;
				GCC_WARN_UNDECLARED_SELECTOR = YES;
				GCC_WARN_UNINITIALIZED_AUTOS = YES_AGGRESSIVE;
				GCC_WARN_UNUSED_FUNCTION = YES;
				GCC_WARN_UNUSED_VARIABLE = YES;
				IPHONEOS_DEPLOYMENT_TARGET = 17.0;
				LOCALIZATION_PREFERS_STRING_CATALOGS = YES;
				MTL_ENABLE_DEBUG_INFO = NO;
				MTL_FAST_MATH = YES;
				SDKROOT = iphoneos;
				SWIFT_COMPILATION_MODE = wholemodule;
				VALIDATE_PRODUCT = YES;
			};
			name = Release;
		};
		5C94EF0F2C25F3C10065D3B0 /* Debug */ = {
			isa = XCBuildConfiguration;
			buildSettings = {
				ASSETCATALOG_COMPILER_APPICON_NAME = AppIcon;
				ASSETCATALOG_COMPILER_GLOBAL_ACCENT_COLOR_NAME = AccentColor;
				CODE_SIGN_STYLE = Automatic;
				CURRENT_PROJECT_VERSION = 1;
				DEVELOPMENT_ASSET_PATHS = "\"ToDoList/Preview Content\"";
				DEVELOPMENT_TEAM = CHU99933X5;
				ENABLE_PREVIEWS = YES;
				GENERATE_INFOPLIST_FILE = YES;
				INFOPLIST_KEY_UIApplicationSceneManifest_Generation = YES;
				INFOPLIST_KEY_UIApplicationSupportsIndirectInputEvents = YES;
				INFOPLIST_KEY_UILaunchScreen_Generation = YES;
				INFOPLIST_KEY_UISupportedInterfaceOrientations_iPad = "UIInterfaceOrientationPortrait UIInterfaceOrientationPortraitUpsideDown UIInterfaceOrientationLandscapeLeft UIInterfaceOrientationLandscapeRight";
				INFOPLIST_KEY_UISupportedInterfaceOrientations_iPhone = "UIInterfaceOrientationPortrait UIInterfaceOrientationLandscapeLeft UIInterfaceOrientationLandscapeRight";
				IPHONEOS_DEPLOYMENT_TARGET = 17.0;
				LD_RUNPATH_SEARCH_PATHS = (
					"$(inherited)",
					"@executable_path/Frameworks",
				);
				MARKETING_VERSION = 1.0;
				PRODUCT_BUNDLE_IDENTIFIER = com.ivanMaslennikov.ToDoList;
				PRODUCT_NAME = "$(TARGET_NAME)";
				SWIFT_EMIT_LOC_STRINGS = YES;
				SWIFT_VERSION = 5.0;
				TARGETED_DEVICE_FAMILY = 1;
			};
			name = Debug;
		};
		5C94EF102C25F3C10065D3B0 /* Release */ = {
			isa = XCBuildConfiguration;
			buildSettings = {
				ASSETCATALOG_COMPILER_APPICON_NAME = AppIcon;
				ASSETCATALOG_COMPILER_GLOBAL_ACCENT_COLOR_NAME = AccentColor;
				CODE_SIGN_STYLE = Automatic;
				CURRENT_PROJECT_VERSION = 1;
				DEVELOPMENT_ASSET_PATHS = "\"ToDoList/Preview Content\"";
				DEVELOPMENT_TEAM = CHU99933X5;
				ENABLE_PREVIEWS = YES;
				GENERATE_INFOPLIST_FILE = YES;
				INFOPLIST_KEY_UIApplicationSceneManifest_Generation = YES;
				INFOPLIST_KEY_UIApplicationSupportsIndirectInputEvents = YES;
				INFOPLIST_KEY_UILaunchScreen_Generation = YES;
				INFOPLIST_KEY_UISupportedInterfaceOrientations_iPad = "UIInterfaceOrientationPortrait UIInterfaceOrientationPortraitUpsideDown UIInterfaceOrientationLandscapeLeft UIInterfaceOrientationLandscapeRight";
				INFOPLIST_KEY_UISupportedInterfaceOrientations_iPhone = "UIInterfaceOrientationPortrait UIInterfaceOrientationLandscapeLeft UIInterfaceOrientationLandscapeRight";
				IPHONEOS_DEPLOYMENT_TARGET = 17.0;
				LD_RUNPATH_SEARCH_PATHS = (
					"$(inherited)",
					"@executable_path/Frameworks",
				);
				MARKETING_VERSION = 1.0;
				PRODUCT_BUNDLE_IDENTIFIER = com.ivanMaslennikov.ToDoList;
				PRODUCT_NAME = "$(TARGET_NAME)";
				SWIFT_EMIT_LOC_STRINGS = YES;
				SWIFT_VERSION = 5.0;
				TARGETED_DEVICE_FAMILY = 1;
			};
			name = Release;
		};
		5C94EF122C25F3C10065D3B0 /* Debug */ = {
			isa = XCBuildConfiguration;
			buildSettings = {
				BUNDLE_LOADER = "$(TEST_HOST)";
				CODE_SIGN_STYLE = Automatic;
				CURRENT_PROJECT_VERSION = 1;
				DEVELOPMENT_TEAM = CHU99933X5;
				GENERATE_INFOPLIST_FILE = YES;
				IPHONEOS_DEPLOYMENT_TARGET = 17.0;
				MARKETING_VERSION = 1.0;
				PRODUCT_BUNDLE_IDENTIFIER = com.ivanMaslennikov.ToDoListTests;
				PRODUCT_NAME = "$(TARGET_NAME)";
				SWIFT_EMIT_LOC_STRINGS = NO;
				SWIFT_VERSION = 5.0;
				TARGETED_DEVICE_FAMILY = "1,2";
				TEST_HOST = "$(BUILT_PRODUCTS_DIR)/ToDoList.app/$(BUNDLE_EXECUTABLE_FOLDER_PATH)/ToDoList";
			};
			name = Debug;
		};
		5C94EF132C25F3C10065D3B0 /* Release */ = {
			isa = XCBuildConfiguration;
			buildSettings = {
				BUNDLE_LOADER = "$(TEST_HOST)";
				CODE_SIGN_STYLE = Automatic;
				CURRENT_PROJECT_VERSION = 1;
				DEVELOPMENT_TEAM = CHU99933X5;
				GENERATE_INFOPLIST_FILE = YES;
				IPHONEOS_DEPLOYMENT_TARGET = 17.0;
				MARKETING_VERSION = 1.0;
				PRODUCT_BUNDLE_IDENTIFIER = com.ivanMaslennikov.ToDoListTests;
				PRODUCT_NAME = "$(TARGET_NAME)";
				SWIFT_EMIT_LOC_STRINGS = NO;
				SWIFT_VERSION = 5.0;
				TARGETED_DEVICE_FAMILY = "1,2";
				TEST_HOST = "$(BUILT_PRODUCTS_DIR)/ToDoList.app/$(BUNDLE_EXECUTABLE_FOLDER_PATH)/ToDoList";
			};
			name = Release;
		};
		5C94EF152C25F3C10065D3B0 /* Debug */ = {
			isa = XCBuildConfiguration;
			buildSettings = {
				CODE_SIGN_STYLE = Automatic;
				CURRENT_PROJECT_VERSION = 1;
				GENERATE_INFOPLIST_FILE = YES;
				IPHONEOS_DEPLOYMENT_TARGET = 17.0;
				MARKETING_VERSION = 1.0;
				PRODUCT_BUNDLE_IDENTIFIER = com.ivanMaslennikov.ToDoListUITests;
				PRODUCT_NAME = "$(TARGET_NAME)";
				SWIFT_EMIT_LOC_STRINGS = NO;
				SWIFT_VERSION = 5.0;
				TARGETED_DEVICE_FAMILY = "1,2";
				TEST_TARGET_NAME = ToDoList;
			};
			name = Debug;
		};
		5C94EF162C25F3C10065D3B0 /* Release */ = {
			isa = XCBuildConfiguration;
			buildSettings = {
				CODE_SIGN_STYLE = Automatic;
				CURRENT_PROJECT_VERSION = 1;
				GENERATE_INFOPLIST_FILE = YES;
				IPHONEOS_DEPLOYMENT_TARGET = 17.0;
				MARKETING_VERSION = 1.0;
				PRODUCT_BUNDLE_IDENTIFIER = com.ivanMaslennikov.ToDoListUITests;
				PRODUCT_NAME = "$(TARGET_NAME)";
				SWIFT_EMIT_LOC_STRINGS = NO;
				SWIFT_VERSION = 5.0;
				TARGETED_DEVICE_FAMILY = "1,2";
				TEST_TARGET_NAME = ToDoList;
			};
			name = Release;
		};
/* End XCBuildConfiguration section */

/* Begin XCConfigurationList section */
		5C94EEE52C25F3BF0065D3B0 /* Build configuration list for PBXProject "ToDoList" */ = {
			isa = XCConfigurationList;
			buildConfigurations = (
				5C94EF0C2C25F3C10065D3B0 /* Debug */,
				5C94EF0D2C25F3C10065D3B0 /* Release */,
			);
			defaultConfigurationIsVisible = 0;
			defaultConfigurationName = Release;
		};
		5C94EF0E2C25F3C10065D3B0 /* Build configuration list for PBXNativeTarget "ToDoList" */ = {
			isa = XCConfigurationList;
			buildConfigurations = (
				5C94EF0F2C25F3C10065D3B0 /* Debug */,
				5C94EF102C25F3C10065D3B0 /* Release */,
			);
			defaultConfigurationIsVisible = 0;
			defaultConfigurationName = Release;
		};
		5C94EF112C25F3C10065D3B0 /* Build configuration list for PBXNativeTarget "ToDoListTests" */ = {
			isa = XCConfigurationList;
			buildConfigurations = (
				5C94EF122C25F3C10065D3B0 /* Debug */,
				5C94EF132C25F3C10065D3B0 /* Release */,
			);
			defaultConfigurationIsVisible = 0;
			defaultConfigurationName = Release;
		};
		5C94EF142C25F3C10065D3B0 /* Build configuration list for PBXNativeTarget "ToDoListUITests" */ = {
			isa = XCConfigurationList;
			buildConfigurations = (
				5C94EF152C25F3C10065D3B0 /* Debug */,
				5C94EF162C25F3C10065D3B0 /* Release */,
			);
			defaultConfigurationIsVisible = 0;
			defaultConfigurationName = Release;
		};
/* End XCConfigurationList section */
	};
	rootObject = 5C94EEE22C25F3BF0065D3B0 /* Project object */;
}
